
Microsoft Visual Studio Solution File, Format Version 12.00
# Visual Studio Version 17
VisualStudioVersion = 17.4.33122.133
MinimumVisualStudioVersion = 10.0.40219.1
Project("{2150E333-8FDC-42A3-9474-1A3956D46DE8}") = "src", "src", "{ABB0ABD1-782B-4B32-ADE5-F9287B44BFC4}"
EndProject
Project("{2150E333-8FDC-42A3-9474-1A3956D46DE8}") = "tests", "tests", "{ED79A6FA-FEEA-4B31-A21E-F5EDD9EBA7D5}"
EndProject
Project("{2150E333-8FDC-42A3-9474-1A3956D46DE8}") = "common", "common", "{D2DDD6FA-D827-463B-929E-58F2497ABB7B}"
EndProject
Project("{9A19103F-16F7-4668-BE54-9A1E7A4F7556}") = "MultiplexorSample", "src\MultiplexorSample\MultiplexorSample.csproj", "{D4F26564-EC81-4917-ABB6-7398ECCDAD31}"
EndProject
Project("{9A19103F-16F7-4668-BE54-9A1E7A4F7556}") = "ChannelSample", "src\ChannelSample\ChannelSample.csproj", "{E8566D50-7B8A-46F2-A038-2DF7BA51336B}"
EndProject
Project("{9A19103F-16F7-4668-BE54-9A1E7A4F7556}") = "ConsoleDemo", "src\ConsoleDemo\ConsoleDemo.csproj", "{EDF542FE-18C7-4F14-8E42-B859B59EA6A4}"
EndProject
Project("{FAE04EC0-301F-11D3-BF4B-00C04F79EFBC}") = "DataFlowSample", "src\DataFlowSample\DataFlowSample.csproj", "{239E974F-40CD-49DD-936D-46E269C9489B}"
EndProject
Global
	GlobalSection(SolutionConfigurationPlatforms) = preSolution
		Debug|Any CPU = Debug|Any CPU
		Release|Any CPU = Release|Any CPU
	EndGlobalSection
	GlobalSection(ProjectConfigurationPlatforms) = postSolution
		{D4F26564-EC81-4917-ABB6-7398ECCDAD31}.Debug|Any CPU.ActiveCfg = Debug|Any CPU
		{D4F26564-EC81-4917-ABB6-7398ECCDAD31}.Debug|Any CPU.Build.0 = Debug|Any CPU
		{D4F26564-EC81-4917-ABB6-7398ECCDAD31}.Release|Any CPU.ActiveCfg = Release|Any CPU
		{D4F26564-EC81-4917-ABB6-7398ECCDAD31}.Release|Any CPU.Build.0 = Release|Any CPU
		{E8566D50-7B8A-46F2-A038-2DF7BA51336B}.Debug|Any CPU.ActiveCfg = Debug|Any CPU
		{E8566D50-7B8A-46F2-A038-2DF7BA51336B}.Debug|Any CPU.Build.0 = Debug|Any CPU
		{E8566D50-7B8A-46F2-A038-2DF7BA51336B}.Release|Any CPU.ActiveCfg = Release|Any CPU
		{E8566D50-7B8A-46F2-A038-2DF7BA51336B}.Release|Any CPU.Build.0 = Release|Any CPU
		{EDF542FE-18C7-4F14-8E42-B859B59EA6A4}.Debug|Any CPU.ActiveCfg = Debug|Any CPU
		{EDF542FE-18C7-4F14-8E42-B859B59EA6A4}.Debug|Any CPU.Build.0 = Debug|Any CPU
		{EDF542FE-18C7-4F14-8E42-B859B59EA6A4}.Release|Any CPU.ActiveCfg = Release|Any CPU
		{EDF542FE-18C7-4F14-8E42-B859B59EA6A4}.Release|Any CPU.Build.0 = Release|Any CPU
		{239E974F-40CD-49DD-936D-46E269C9489B}.Debug|Any CPU.ActiveCfg = Debug|Any CPU
		{239E974F-40CD-49DD-936D-46E269C9489B}.Debug|Any CPU.Build.0 = Debug|Any CPU
		{239E974F-40CD-49DD-936D-46E269C9489B}.Release|Any CPU.ActiveCfg = Release|Any CPU
		{239E974F-40CD-49DD-936D-46E269C9489B}.Release|Any CPU.Build.0 = Release|Any CPU
	EndGlobalSection
	GlobalSection(SolutionProperties) = preSolution
		HideSolutionNode = FALSE
	EndGlobalSection
	GlobalSection(NestedProjects) = preSolution
		{D4F26564-EC81-4917-ABB6-7398ECCDAD31} = {ABB0ABD1-782B-4B32-ADE5-F9287B44BFC4}
		{E8566D50-7B8A-46F2-A038-2DF7BA51336B} = {ABB0ABD1-782B-4B32-ADE5-F9287B44BFC4}
		{EDF542FE-18C7-4F14-8E42-B859B59EA6A4} = {ABB0ABD1-782B-4B32-ADE5-F9287B44BFC4}
		{239E974F-40CD-49DD-936D-46E269C9489B} = {ABB0ABD1-782B-4B32-ADE5-F9287B44BFC4}
	EndGlobalSection
	GlobalSection(ExtensibilityGlobals) = postSolution
		SolutionGuid = {DC2D3DC9-3FD8-4A83-AF2E-226CF98F9671}
	EndGlobalSection
EndGlobal
